
Microsoft Visual Studio Solution File, Format Version 12.00
# Visual Studio Version 17
VisualStudioVersion = 17.6.33815.320
MinimumVisualStudioVersion = 10.0.40219.1
Project("{FAE04EC0-301F-11D3-BF4B-00C04F79EFBC}") = "Webapp", "Webapp\Webapp.csproj", "{2A628A4F-8502-445B-A035-FD859A97DD05}"
EndProject
Global
	GlobalSection(SolutionConfigurationPlatforms) = preSolution
		Debug|Any CPU = Debug|Any CPU
		Release|Any CPU = Release|Any CPU
	EndGlobalSection
	GlobalSection(ProjectConfigurationPlatforms) = postSolution
		{2A628A4F-8502-445B-A035-FD859A97DD05}.Debug|Any CPU.ActiveCfg = Debug|Any CPU
		{2A628A4F-8502-445B-A035-FD859A97DD05}.Debug|Any CPU.Build.0 = Debug|Any CPU
		{2A628A4F-8502-445B-A035-FD859A97DD05}.Release|Any CPU.ActiveCfg = Release|Any CPU
		{2A628A4F-8502-445B-A035-FD859A97DD05}.Release|Any CPU.Build.0 = Release|Any CPU
	EndGlobalSection
	GlobalSection(SolutionProperties) = preSolution
		HideSolutionNode = FALSE
	EndGlobalSection
	GlobalSection(ExtensibilityGlobals) = postSolution
		SolutionGuid = {076147DA-F9E3-4E0A-B05A-08C8C51325A9}
	EndGlobalSection
EndGlobal
